
Microsoft Visual Studio Solution File, Format Version 12.00
# Visual Studio Version 16
VisualStudioVersion = 16.0.29020.237
MinimumVisualStudioVersion = 10.0.40219.1
Project("{FAE04EC0-301F-11D3-BF4B-00C04F79EFBC}") = "FurkanCelik", "FurkanCelik.csproj", "{A93B3685-74B9-4994-9158-11E9C1EFA798}"
EndProject
Global
	GlobalSection(SolutionConfigurationPlatforms) = preSolution
		Debug|Any CPU = Debug|Any CPU
		Release|Any CPU = Release|Any CPU
	EndGlobalSection
	GlobalSection(ProjectConfigurationPlatforms) = postSolution
		{A93B3685-74B9-4994-9158-11E9C1EFA798}.Debug|Any CPU.ActiveCfg = Debug|Any CPU
		{A93B3685-74B9-4994-9158-11E9C1EFA798}.Debug|Any CPU.Build.0 = Debug|Any CPU
		{A93B3685-74B9-4994-9158-11E9C1EFA798}.Release|Any CPU.ActiveCfg = Release|Any CPU
		{A93B3685-74B9-4994-9158-11E9C1EFA798}.Release|Any CPU.Build.0 = Release|Any CPU
	EndGlobalSection
	GlobalSection(SolutionProperties) = preSolution
		HideSolutionNode = FALSE
	EndGlobalSection
	GlobalSection(ExtensibilityGlobals) = postSolution
		SolutionGuid = {EF5E0950-674D-4042-A00A-9808512C7DD0}
	EndGlobalSection
EndGlobal
